github.com/MatProGo-dev/MatProInterface.go v0.5.0 h1:pfwt7U3EbCB4gv4e+cxtnIQdZhZPybJe7na69nUOxn0=
github.com/MatProGo-dev/MatProInterface.go v0.5.0/go.mod h1:RZm32GJPXuiGeUtEzUVb8jKonFZM3I+a9918FvTJnsk=
github.com/MatProGo-dev/MatProInterface.go v0.5.1 h1:d86ATJnP+i9g9wgdEpB27XpbQfVWcjkZ6FvHzSFHjpI=
github.com/MatProGo-dev/MatProInterface.go v0.5.1/go.mod h1:6RweK8NCVnGxL8PSNGLdtVYqkuJYl8EwjkNcQYT5io4=
github.com/MatProGo-dev/MatProInterface.go v0.5.2 h1:bDCRWtW/t6jbj3J+b/u9Z/0CO7UV6klyQwc+QzLLvno=
github.com/MatProGo-dev/MatProInterface.go v0.5.2/go.mod h1:8s9movKlLyj/csN+wej3412cJzm8WG4dtxPKeiuGOI0=
github.com/MatProGo-dev/SymbolicMath.go v0.1.8 h1:lpe+6cK/2fg29WwxOykm4hKvfJeqvFUBGturC9qh5ug=
github.com/MatProGo-dev/SymbolicMath.go v0.1.8/go.mod h1:gKbGR/6sYWi2koMUEDIPWBPi6jQPELKle0ijIM+eaHU=
github.com/MatProGo-dev/SymbolicMath.go v0.2.1 h1:3qcLYNx3+9Ud/saS4QWxJzmDUbVvYZIWt9aX2bQ9iOk=
github.com/MatProGo-dev/SymbolicMath.go v0.2.1/go.mod h1:gKbGR/6sYWi2koMUEDIPWBPi6jQPELKle0ijIM+eaHU=
gonum.org/v1/gonum v0.14.0 h1:2NiG67LD1tEH0D7kM+ps2V+fXmsAnpUeec7n8tcr4S0=
gonum.org/v1/gonum v0.14.0/go.mod h1:AoWeoz0becf9QMWtE8iWXNXc27fK4fNeHNf/oMejGfU=
